
Microsoft Visual Studio Solution File, Format Version 12.00
# Visual Studio Version 16
VisualStudioVersion = 16.0.31624.102
MinimumVisualStudioVersion = 10.0.40219.1
Project("{FAE04EC0-301F-11D3-BF4B-00C04F79EFBC}") = "View", "View.csproj", "{84691F81-A694-4B36-AE9C-7CCC8ED24366}"
EndProject
Global
	GlobalSection(SolutionConfigurationPlatforms) = preSolution
		Debug|Any CPU = Debug|Any CPU
		Release|Any CPU = Release|Any CPU
	EndGlobalSection
	GlobalSection(ProjectConfigurationPlatforms) = postSolution
		{84691F81-A694-4B36-AE9C-7CCC8ED24366}.Debug|Any CPU.ActiveCfg = Debug|Any CPU
		{84691F81-A694-4B36-AE9C-7CCC8ED24366}.Debug|Any CPU.Build.0 = Debug|Any CPU
		{84691F81-A694-4B36-AE9C-7CCC8ED24366}.Release|Any CPU.ActiveCfg = Release|Any CPU
		{84691F81-A694-4B36-AE9C-7CCC8ED24366}.Release|Any CPU.Build.0 = Release|Any CPU
	EndGlobalSection
	GlobalSection(SolutionProperties) = preSolution
		HideSolutionNode = FALSE
	EndGlobalSection
	GlobalSection(ExtensibilityGlobals) = postSolution
		SolutionGuid = {3F6E33BF-E3EF-4783-92D1-3317489E40FE}
	EndGlobalSection
EndGlobal
